
Microsoft Visual Studio Solution File, Format Version 12.00
# Visual Studio Version 17
VisualStudioVersion = 17.7.34202.233
MinimumVisualStudioVersion = 10.0.40219.1
Project("{FAE04EC0-301F-11D3-BF4B-00C04F79EFBC}") = "Week7Functions", "Week7Functions\Week7Functions.csproj", "{4E185150-AC37-4E84-873E-FF055B825C05}"
EndProject
Project("{FAE04EC0-301F-11D3-BF4B-00C04F79EFBC}") = "ArgumentsAndParameters", "ArgumentsAndParameters\ArgumentsAndParameters.csproj", "{BDC0B5D1-268F-4D63-B299-7EC4FB28AC5A}"
EndProject
Project("{FAE04EC0-301F-11D3-BF4B-00C04F79EFBC}") = "Calculator", "Calculator\Calculator.csproj", "{652E0EA7-192D-4F31-9965-847C6D57C7A8}"
EndProject
Project("{FAE04EC0-301F-11D3-BF4B-00C04F79EFBC}") = "DiscountCalculator", "DiscountCalculator\DiscountCalculator.csproj", "{409BF530-88B7-46C2-B2A1-D4DD8FD25BD7}"
EndProject
Global
	GlobalSection(SolutionConfigurationPlatforms) = preSolution
		Debug|Any CPU = Debug|Any CPU
		Release|Any CPU = Release|Any CPU
	EndGlobalSection
	GlobalSection(ProjectConfigurationPlatforms) = postSolution
		{4E185150-AC37-4E84-873E-FF055B825C05}.Debug|Any CPU.ActiveCfg = Debug|Any CPU
		{4E185150-AC37-4E84-873E-FF055B825C05}.Debug|Any CPU.Build.0 = Debug|Any CPU
		{4E185150-AC37-4E84-873E-FF055B825C05}.Release|Any CPU.ActiveCfg = Release|Any CPU
		{4E185150-AC37-4E84-873E-FF055B825C05}.Release|Any CPU.Build.0 = Release|Any CPU
		{BDC0B5D1-268F-4D63-B299-7EC4FB28AC5A}.Debug|Any CPU.ActiveCfg = Debug|Any CPU
		{BDC0B5D1-268F-4D63-B299-7EC4FB28AC5A}.Debug|Any CPU.Build.0 = Debug|Any CPU
		{BDC0B5D1-268F-4D63-B299-7EC4FB28AC5A}.Release|Any CPU.ActiveCfg = Release|Any CPU
		{BDC0B5D1-268F-4D63-B299-7EC4FB28AC5A}.Release|Any CPU.Build.0 = Release|Any CPU
		{652E0EA7-192D-4F31-9965-847C6D57C7A8}.Debug|Any CPU.ActiveCfg = Debug|Any CPU
		{652E0EA7-192D-4F31-9965-847C6D57C7A8}.Debug|Any CPU.Build.0 = Debug|Any CPU
		{652E0EA7-192D-4F31-9965-847C6D57C7A8}.Release|Any CPU.ActiveCfg = Release|Any CPU
		{652E0EA7-192D-4F31-9965-847C6D57C7A8}.Release|Any CPU.Build.0 = Release|Any CPU
		{409BF530-88B7-46C2-B2A1-D4DD8FD25BD7}.Debug|Any CPU.ActiveCfg = Debug|Any CPU
		{409BF530-88B7-46C2-B2A1-D4DD8FD25BD7}.Debug|Any CPU.Build.0 = Debug|Any CPU
		{409BF530-88B7-46C2-B2A1-D4DD8FD25BD7}.Release|Any CPU.ActiveCfg = Release|Any CPU
		{409BF530-88B7-46C2-B2A1-D4DD8FD25BD7}.Release|Any CPU.Build.0 = Release|Any CPU
	EndGlobalSection
	GlobalSection(SolutionProperties) = preSolution
		HideSolutionNode = FALSE
	EndGlobalSection
	GlobalSection(ExtensibilityGlobals) = postSolution
		SolutionGuid = {F218DE50-8B3F-4386-B4E7-D63EBB1552F1}
	EndGlobalSection
EndGlobal
